{
  "name": "@sudhanshu1402/receipts",
  "version": "0.1.1",
  "lockfileVersion": 3,
  "requires": true,
  "packages": {
    "": {
      "name": "@sudhanshu1402/receipts",
      "version": "0.1.1",
      "license": "MIT",
      "bin": {
        "receipts": "bin/receipts.js"
      },
      "engines": {
        "node": ">=20"
      }
    }
  }
}
